
Microsoft Visual Studio Solution File, Format Version 12.00
# Visual Studio Version 16
VisualStudioVersion = 16.0.33130.400
MinimumVisualStudioVersion = 10.0.40219.1
Project("{9A19103F-16F7-4668-BE54-9A1E7A4F7556}") = "SalesOrder.API", "SalesOrder\Server\SalesOrder.API.csproj", "{95718612-CAC0-4236-BEF0-B9D16CD42543}"
EndProject
Project("{9A19103F-16F7-4668-BE54-9A1E7A4F7556}") = "SalesOrder.UI", "SalesOrder\Client\SalesOrder.UI.csproj", "{A966FAFB-6AD5-4158-AEDD-BE6A76F69518}"
EndProject
Project("{9A19103F-16F7-4668-BE54-9A1E7A4F7556}") = "SalesOrder.DAL", "SalesOrder\Shared\SalesOrder.DAL.csproj", "{F73D03B6-4FF5-4D1F-BFFE-D91C5FFA5EE7}"
EndProject
Project("{9A19103F-16F7-4668-BE54-9A1E7A4F7556}") = "SalesOrder.DataContract", "SalesOrder.DataContract\SalesOrder.DataContract.csproj", "{FAACE1FD-C970-45E3-85E3-BA7C94B34C5C}"
EndProject
Project("{9A19103F-16F7-4668-BE54-9A1E7A4F7556}") = "SalesOrder.BLL", "SalesOrder.BLL\SalesOrder.BLL.csproj", "{443882A1-B555-4650-BBDE-A824773F842A}"
EndProject
Global
	GlobalSection(SolutionConfigurationPlatforms) = preSolution
		Debug|Any CPU = Debug|Any CPU
		Release|Any CPU = Release|Any CPU
	EndGlobalSection
	GlobalSection(ProjectConfigurationPlatforms) = postSolution
		{95718612-CAC0-4236-BEF0-B9D16CD42543}.Debug|Any CPU.ActiveCfg = Debug|Any CPU
		{95718612-CAC0-4236-BEF0-B9D16CD42543}.Debug|Any CPU.Build.0 = Debug|Any CPU
		{95718612-CAC0-4236-BEF0-B9D16CD42543}.Release|Any CPU.ActiveCfg = Release|Any CPU
		{95718612-CAC0-4236-BEF0-B9D16CD42543}.Release|Any CPU.Build.0 = Release|Any CPU
		{A966FAFB-6AD5-4158-AEDD-BE6A76F69518}.Debug|Any CPU.ActiveCfg = Debug|Any CPU
		{A966FAFB-6AD5-4158-AEDD-BE6A76F69518}.Debug|Any CPU.Build.0 = Debug|Any CPU
		{A966FAFB-6AD5-4158-AEDD-BE6A76F69518}.Release|Any CPU.ActiveCfg = Release|Any CPU
		{A966FAFB-6AD5-4158-AEDD-BE6A76F69518}.Release|Any CPU.Build.0 = Release|Any CPU
		{F73D03B6-4FF5-4D1F-BFFE-D91C5FFA5EE7}.Debug|Any CPU.ActiveCfg = Debug|Any CPU
		{F73D03B6-4FF5-4D1F-BFFE-D91C5FFA5EE7}.Debug|Any CPU.Build.0 = Debug|Any CPU
		{F73D03B6-4FF5-4D1F-BFFE-D91C5FFA5EE7}.Release|Any CPU.ActiveCfg = Release|Any CPU
		{F73D03B6-4FF5-4D1F-BFFE-D91C5FFA5EE7}.Release|Any CPU.Build.0 = Release|Any CPU
		{FAACE1FD-C970-45E3-85E3-BA7C94B34C5C}.Debug|Any CPU.ActiveCfg = Debug|Any CPU
		{FAACE1FD-C970-45E3-85E3-BA7C94B34C5C}.Debug|Any CPU.Build.0 = Debug|Any CPU
		{FAACE1FD-C970-45E3-85E3-BA7C94B34C5C}.Release|Any CPU.ActiveCfg = Release|Any CPU
		{FAACE1FD-C970-45E3-85E3-BA7C94B34C5C}.Release|Any CPU.Build.0 = Release|Any CPU
		{443882A1-B555-4650-BBDE-A824773F842A}.Debug|Any CPU.ActiveCfg = Debug|Any CPU
		{443882A1-B555-4650-BBDE-A824773F842A}.Debug|Any CPU.Build.0 = Debug|Any CPU
		{443882A1-B555-4650-BBDE-A824773F842A}.Release|Any CPU.ActiveCfg = Release|Any CPU
		{443882A1-B555-4650-BBDE-A824773F842A}.Release|Any CPU.Build.0 = Release|Any CPU
	EndGlobalSection
	GlobalSection(SolutionProperties) = preSolution
		HideSolutionNode = FALSE
	EndGlobalSection
	GlobalSection(ExtensibilityGlobals) = postSolution
		SolutionGuid = {2819348B-3D14-4900-9130-FCB76D4C55CF}
	EndGlobalSection
EndGlobal
